// !$*UTF8*$!
{
	archiveVersion = 1;
	classes = {
	};
	objectVersion = 55;
	objects = {

/* Begin PBXBuildFile section */
		A8099B4528377FFC00763F31 /* StatisticModel.swift in Sources */ = {isa = PBXBuildFile; fileRef = A8099B4428377FFC00763F31 /* StatisticModel.swift */; };
		A8099B472837819F00763F31 /* MarketView.swift in Sources */ = {isa = PBXBuildFile; fileRef = A8099B462837819F00763F31 /* MarketView.swift */; };
		A8099B49283786AF00763F31 /* HomeStatView.swift in Sources */ = {isa = PBXBuildFile; fileRef = A8099B48283786AF00763F31 /* HomeStatView.swift */; };
		A8099B4B2837971700763F31 /* MarkerDataModel.swift in Sources */ = {isa = PBXBuildFile; fileRef = A8099B4A2837971700763F31 /* MarkerDataModel.swift */; };
		A8099B4D2837A27300763F31 /* MarketDataService.swift in Sources */ = {isa = PBXBuildFile; fileRef = A8099B4C2837A27300763F31 /* MarketDataService.swift */; };
		A867C20D283CF72F00A94719 /* HapticManager.swift in Sources */ = {isa = PBXBuildFile; fileRef = A867C20C283CF72F00A94719 /* HapticManager.swift */; };
		A867C212283D086800A94719 /* DetailView.swift in Sources */ = {isa = PBXBuildFile; fileRef = A867C211283D086800A94719 /* DetailView.swift */; };
		A886783F283B724200525B5F /* PortfolioContainer.xcdatamodeld in Sources */ = {isa = PBXBuildFile; fileRef = A886783D283B724200525B5F /* PortfolioContainer.xcdatamodeld */; };
		A8867841283B730800525B5F /* PortfolioDataService.swift in Sources */ = {isa = PBXBuildFile; fileRef = A8867840283B730800525B5F /* PortfolioDataService.swift */; };
		A88752A428350F4F00FC6DA1 /* HomeViewModel.swift in Sources */ = {isa = PBXBuildFile; fileRef = A88752A328350F4F00FC6DA1 /* HomeViewModel.swift */; };
		A89028C1283F5C4F009287DD /* ChartView.swift in Sources */ = {isa = PBXBuildFile; fileRef = A89028C0283F5C4F009287DD /* ChartView.swift */; };
		A89028C3283F6807009287DD /* Date.swift in Sources */ = {isa = PBXBuildFile; fileRef = A89028C2283F6807009287DD /* Date.swift */; };
		A893FC04283F7A7600C94A1A /* String.swift in Sources */ = {isa = PBXBuildFile; fileRef = A893FC03283F7A7600C94A1A /* String.swift */; };
		A8988FA4283E22550015BCC3 /* CoinDetailModel.swift in Sources */ = {isa = PBXBuildFile; fileRef = A8988FA3283E22550015BCC3 /* CoinDetailModel.swift */; };
		A8988FA6283E276C0015BCC3 /* DetailViewModel.swift in Sources */ = {isa = PBXBuildFile; fileRef = A8988FA5283E276C0015BCC3 /* DetailViewModel.swift */; };
		A8988FA8283E27D70015BCC3 /* CoinDetailDataService.swift in Sources */ = {isa = PBXBuildFile; fileRef = A8988FA7283E27D70015BCC3 /* CoinDetailDataService.swift */; };
		A8B630472838D6A20083AD99 /* PortfolioView.swift in Sources */ = {isa = PBXBuildFile; fileRef = A8B630462838D6A20083AD99 /* PortfolioView.swift */; };
		A8B6304B2838E1A00083AD99 /* CoinLogoView.swift in Sources */ = {isa = PBXBuildFile; fileRef = A8B6304A2838E1A00083AD99 /* CoinLogoView.swift */; };
		A8B6304D2838F1230083AD99 /* XmarkButton.swift in Sources */ = {isa = PBXBuildFile; fileRef = A8B6304C2838F1230083AD99 /* XmarkButton.swift */; };
		A8B6E2AD28375D210002928B /* SearchBarView.swift in Sources */ = {isa = PBXBuildFile; fileRef = A8B6E2AC28375D210002928B /* SearchBarView.swift */; };
		A8B6E2AF2837636B0002928B /* UIApplication.swift in Sources */ = {isa = PBXBuildFile; fileRef = A8B6E2AE2837636B0002928B /* UIApplication.swift */; };
		A8B9F0F328329A5E00DED873 /* CryptoApp.swift in Sources */ = {isa = PBXBuildFile; fileRef = A8B9F0F228329A5E00DED873 /* CryptoApp.swift */; };
		A8B9F0F528329A5E00DED873 /* ContentView.swift in Sources */ = {isa = PBXBuildFile; fileRef = A8B9F0F428329A5E00DED873 /* ContentView.swift */; };
		A8B9F0FA28329A6200DED873 /* Preview Assets.xcassets in Resources */ = {isa = PBXBuildFile; fileRef = A8B9F0F928329A6200DED873 /* Preview Assets.xcassets */; };
		A8B9F10128329BA900DED873 /* Assets.xcassets in Resources */ = {isa = PBXBuildFile; fileRef = A8B9F10028329BA900DED873 /* Assets.xcassets */; };
		A8B9F10428329CD300DED873 /* Color.swift in Sources */ = {isa = PBXBuildFile; fileRef = A8B9F10328329CD300DED873 /* Color.swift */; };
		A8B9F10A2832A14300DED873 /* HomeView.swift in Sources */ = {isa = PBXBuildFile; fileRef = A8B9F1092832A14300DED873 /* HomeView.swift */; };
		A8B9F10E2832A30F00DED873 /* CircleButtonView.swift in Sources */ = {isa = PBXBuildFile; fileRef = A8B9F10D2832A30F00DED873 /* CircleButtonView.swift */; };
		A8B9F1102832A82900DED873 /* CircleButtonAnimationView.swift in Sources */ = {isa = PBXBuildFile; fileRef = A8B9F10F2832A82900DED873 /* CircleButtonAnimationView.swift */; };
		A8C86A7B2833B4D500724770 /* CoinModel.swift in Sources */ = {isa = PBXBuildFile; fileRef = A8C86A7A2833B4D500724770 /* CoinModel.swift */; };
		A8C86A7D2833C0D000724770 /* CoinRowView.swift in Sources */ = {isa = PBXBuildFile; fileRef = A8C86A7C2833C0D000724770 /* CoinRowView.swift */; };
		A8C86A7F2833C14900724770 /* PreviewProvider.swift in Sources */ = {isa = PBXBuildFile; fileRef = A8C86A7E2833C14900724770 /* PreviewProvider.swift */; };
		A8C86A812833C63700724770 /* Double.swift in Sources */ = {isa = PBXBuildFile; fileRef = A8C86A802833C63700724770 /* Double.swift */; };
		A8F4320028364B0E00FAFF61 /* CoinDataService.swift in Sources */ = {isa = PBXBuildFile; fileRef = A8F431FF28364B0E00FAFF61 /* CoinDataService.swift */; };
		A8F4320328365B3000FAFF61 /* NetworkingManager.swift in Sources */ = {isa = PBXBuildFile; fileRef = A8F4320228365B3000FAFF61 /* NetworkingManager.swift */; };
		A8F432062836643400FAFF61 /* CoinImageView.swift in Sources */ = {isa = PBXBuildFile; fileRef = A8F432052836643400FAFF61 /* CoinImageView.swift */; };
		A8F432082836665F00FAFF61 /* CoinImageSevrice.swift in Sources */ = {isa = PBXBuildFile; fileRef = A8F432072836665F00FAFF61 /* CoinImageSevrice.swift */; };
		A8F4320A283668AC00FAFF61 /* CoinImageViewModel.swift in Sources */ = {isa = PBXBuildFile; fileRef = A8F43209283668AC00FAFF61 /* CoinImageViewModel.swift */; };
		A8F4320C2836A65B00FAFF61 /* LocalFileManager.swift in Sources */ = {isa = PBXBuildFile; fileRef = A8F4320B2836A65B00FAFF61 /* LocalFileManager.swift */; };
/* End PBXBuildFile section */

/* Begin PBXFileReference section */
		A8099B4428377FFC00763F31 /* StatisticModel.swift */ = {isa = PBXFileReference; lastKnownFileType = sourcecode.swift; path = StatisticModel.swift; sourceTree = "<group>"; };
		A8099B462837819F00763F31 /* MarketView.swift */ = {isa = PBXFileReference; lastKnownFileType = sourcecode.swift; path = MarketView.swift; sourceTree = "<group>"; };
		A8099B48283786AF00763F31 /* HomeStatView.swift */ = {isa = PBXFileReference; lastKnownFileType = sourcecode.swift; path = HomeStatView.swift; sourceTree = "<group>"; };
		A8099B4A2837971700763F31 /* MarkerDataModel.swift */ = {isa = PBXFileReference; lastKnownFileType = sourcecode.swift; path = MarkerDataModel.swift; sourceTree = "<group>"; };
		A8099B4C2837A27300763F31 /* MarketDataService.swift */ = {isa = PBXFileReference; lastKnownFileType = sourcecode.swift; path = MarketDataService.swift; sourceTree = "<group>"; };
		A867C20C283CF72F00A94719 /* HapticManager.swift */ = {isa = PBXFileReference; lastKnownFileType = sourcecode.swift; path = HapticManager.swift; sourceTree = "<group>"; };
		A867C211283D086800A94719 /* DetailView.swift */ = {isa = PBXFileReference; lastKnownFileType = sourcecode.swift; path = DetailView.swift; sourceTree = "<group>"; };
		A886783E283B724200525B5F /* PortfolioContainer.xcdatamodel */ = {isa = PBXFileReference; lastKnownFileType = wrapper.xcdatamodel; path = PortfolioContainer.xcdatamodel; sourceTree = "<group>"; };
		A8867840283B730800525B5F /* PortfolioDataService.swift */ = {isa = PBXFileReference; lastKnownFileType = sourcecode.swift; path = PortfolioDataService.swift; sourceTree = "<group>"; };
		A88752A328350F4F00FC6DA1 /* HomeViewModel.swift */ = {isa = PBXFileReference; lastKnownFileType = sourcecode.swift; path = HomeViewModel.swift; sourceTree = "<group>"; };
		A89028C0283F5C4F009287DD /* ChartView.swift */ = {isa = PBXFileReference; lastKnownFileType = sourcecode.swift; path = ChartView.swift; sourceTree = "<group>"; };
		A89028C2283F6807009287DD /* Date.swift */ = {isa = PBXFileReference; lastKnownFileType = sourcecode.swift; path = Date.swift; sourceTree = "<group>"; };
		A893FC03283F7A7600C94A1A /* String.swift */ = {isa = PBXFileReference; lastKnownFileType = sourcecode.swift; path = String.swift; sourceTree = "<group>"; };
		A8988FA3283E22550015BCC3 /* CoinDetailModel.swift */ = {isa = PBXFileReference; lastKnownFileType = sourcecode.swift; path = CoinDetailModel.swift; sourceTree = "<group>"; };
		A8988FA5283E276C0015BCC3 /* DetailViewModel.swift */ = {isa = PBXFileReference; lastKnownFileType = sourcecode.swift; path = DetailViewModel.swift; sourceTree = "<group>"; };
		A8988FA7283E27D70015BCC3 /* CoinDetailDataService.swift */ = {isa = PBXFileReference; lastKnownFileType = sourcecode.swift; path = CoinDetailDataService.swift; sourceTree = "<group>"; };
		A8B630462838D6A20083AD99 /* PortfolioView.swift */ = {isa = PBXFileReference; lastKnownFileType = sourcecode.swift; path = PortfolioView.swift; sourceTree = "<group>"; };
		A8B6304A2838E1A00083AD99 /* CoinLogoView.swift */ = {isa = PBXFileReference; lastKnownFileType = sourcecode.swift; path = CoinLogoView.swift; sourceTree = "<group>"; };
		A8B6304C2838F1230083AD99 /* XmarkButton.swift */ = {isa = PBXFileReference; lastKnownFileType = sourcecode.swift; path = XmarkButton.swift; sourceTree = "<group>"; };
		A8B6E2AC28375D210002928B /* SearchBarView.swift */ = {isa = PBXFileReference; lastKnownFileType = sourcecode.swift; path = SearchBarView.swift; sourceTree = "<group>"; };
		A8B6E2AE2837636B0002928B /* UIApplication.swift */ = {isa = PBXFileReference; lastKnownFileType = sourcecode.swift; path = UIApplication.swift; sourceTree = "<group>"; };
		A8B9F0EF28329A5E00DED873 /* Crypto Tracker.app */ = {isa = PBXFileReference; explicitFileType = wrapper.application; includeInIndex = 0; path = "Crypto Tracker.app"; sourceTree = BUILT_PRODUCTS_DIR; };
		A8B9F0F228329A5E00DED873 /* CryptoApp.swift */ = {isa = PBXFileReference; lastKnownFileType = sourcecode.swift; path = CryptoApp.swift; sourceTree = "<group>"; };
		A8B9F0F428329A5E00DED873 /* ContentView.swift */ = {isa = PBXFileReference; lastKnownFileType = sourcecode.swift; path = ContentView.swift; sourceTree = "<group>"; };
		A8B9F0F928329A6200DED873 /* Preview Assets.xcassets */ = {isa = PBXFileReference; lastKnownFileType = folder.assetcatalog; path = "Preview Assets.xcassets"; sourceTree = "<group>"; };
		A8B9F10028329BA900DED873 /* Assets.xcassets */ = {isa = PBXFileReference; lastKnownFileType = folder.assetcatalog; name = Assets.xcassets; path = "Preview Content/Assets.xcassets"; sourceTree = "<group>"; };
		A8B9F10328329CD300DED873 /* Color.swift */ = {isa = PBXFileReference; lastKnownFileType = sourcecode.swift; path = Color.swift; sourceTree = "<group>"; };
		A8B9F1092832A14300DED873 /* HomeView.swift */ = {isa = PBXFileReference; lastKnownFileType = sourcecode.swift; path = HomeView.swift; sourceTree = "<group>"; };
		A8B9F10D2832A30F00DED873 /* CircleButtonView.swift */ = {isa = PBXFileReference; lastKnownFileType = sourcecode.swift; path = CircleButtonView.swift; sourceTree = "<group>"; };
		A8B9F10F2832A82900DED873 /* CircleButtonAnimationView.swift */ = {isa = PBXFileReference; lastKnownFileType = sourcecode.swift; path = CircleButtonAnimationView.swift; sourceTree = "<group>"; };
		A8C86A7A2833B4D500724770 /* CoinModel.swift */ = {isa = PBXFileReference; lastKnownFileType = sourcecode.swift; path = CoinModel.swift; sourceTree = "<group>"; };
		A8C86A7C2833C0D000724770 /* CoinRowView.swift */ = {isa = PBXFileReference; lastKnownFileType = sourcecode.swift; path = CoinRowView.swift; sourceTree = "<group>"; };
		A8C86A7E2833C14900724770 /* PreviewProvider.swift */ = {isa = PBXFileReference; lastKnownFileType = sourcecode.swift; path = PreviewProvider.swift; sourceTree = "<group>"; };
		A8C86A802833C63700724770 /* Double.swift */ = {isa = PBXFileReference; lastKnownFileType = sourcecode.swift; path = Double.swift; sourceTree = "<group>"; };
		A8F431FF28364B0E00FAFF61 /* CoinDataService.swift */ = {isa = PBXFileReference; lastKnownFileType = sourcecode.swift; path = CoinDataService.swift; sourceTree = "<group>"; };
		A8F4320228365B3000FAFF61 /* NetworkingManager.swift */ = {isa = PBXFileReference; lastKnownFileType = sourcecode.swift; path = NetworkingManager.swift; sourceTree = "<group>"; };
		A8F432052836643400FAFF61 /* CoinImageView.swift */ = {isa = PBXFileReference; lastKnownFileType = sourcecode.swift; path = CoinImageView.swift; sourceTree = "<group>"; };
		A8F432072836665F00FAFF61 /* CoinImageSevrice.swift */ = {isa = PBXFileReference; lastKnownFileType = sourcecode.swift; path = CoinImageSevrice.swift; sourceTree = "<group>"; };
		A8F43209283668AC00FAFF61 /* CoinImageViewModel.swift */ = {isa = PBXFileReference; lastKnownFileType = sourcecode.swift; path = CoinImageViewModel.swift; sourceTree = "<group>"; };
		A8F4320B2836A65B00FAFF61 /* LocalFileManager.swift */ = {isa = PBXFileReference; lastKnownFileType = sourcecode.swift; path = LocalFileManager.swift; sourceTree = "<group>"; };
/* End PBXFileReference section */

/* Begin PBXFrameworksBuildPhase section */
		A8B9F0EC28329A5E00DED873 /* Frameworks */ = {
			isa = PBXFrameworksBuildPhase;
			buildActionMask = 2147483647;
			files = (
			);
			runOnlyForDeploymentPostprocessing = 0;
		};
/* End PBXFrameworksBuildPhase section */

/* Begin PBXGroup section */
		A867C20E283D078D00A94719 /* Detail */ = {
			isa = PBXGroup;
			children = (
				A867C210283D083200A94719 /* Views */,
				A867C20F283D082300A94719 /* ViewModels */,
			);
			path = Detail;
			sourceTree = "<group>";
		};
		A867C20F283D082300A94719 /* ViewModels */ = {
			isa = PBXGroup;
			children = (
				A8988FA5283E276C0015BCC3 /* DetailViewModel.swift */,
			);
			path = ViewModels;
			sourceTree = "<group>";
		};
		A867C210283D083200A94719 /* Views */ = {
			isa = PBXGroup;
			children = (
				A867C211283D086800A94719 /* DetailView.swift */,
				A89028C0283F5C4F009287DD /* ChartView.swift */,
			);
			path = Views;
			sourceTree = "<group>";
		};
		A8B9F0E628329A5E00DED873 = {
			isa = PBXGroup;
			children = (
				A8B9F0F128329A5E00DED873 /* Crypto */,
				A8B9F0F028329A5E00DED873 /* Products */,
			);
			sourceTree = "<group>";
		};
		A8B9F0F028329A5E00DED873 /* Products */ = {
			isa = PBXGroup;
			children = (
				A8B9F0EF28329A5E00DED873 /* Crypto Tracker.app */,
			);
			name = Products;
			sourceTree = "<group>";
		};
		A8B9F0F128329A5E00DED873 /* Crypto */ = {
			isa = PBXGroup;
			children = (
				A8B9F0F228329A5E00DED873 /* CryptoApp.swift */,
				A8F4320128365AEB00FAFF61 /* Utilities */,
				A8C86A792833B4BD00724770 /* Models */,
				A8B9F10228329CA200DED873 /* Extensions */,
				A8F431FE28364AA400FAFF61 /* Services */,
				A8B9F1052832A0D600DED873 /* Core */,
				A8B9F0F428329A5E00DED873 /* ContentView.swift */,
				A8B9F10028329BA900DED873 /* Assets.xcassets */,
				A8B9F0F828329A6200DED873 /* Preview Content */,
			);
			path = Crypto;
			sourceTree = "<group>";
		};
		A8B9F0F828329A6200DED873 /* Preview Content */ = {
			isa = PBXGroup;
			children = (
				A8B9F0F928329A6200DED873 /* Preview Assets.xcassets */,
			);
			path = "Preview Content";
			sourceTree = "<group>";
		};
		A8B9F10228329CA200DED873 /* Extensions */ = {
			isa = PBXGroup;
			children = (
				A8B9F10328329CD300DED873 /* Color.swift */,
				A8C86A7E2833C14900724770 /* PreviewProvider.swift */,
				A8C86A802833C63700724770 /* Double.swift */,
				A8B6E2AE2837636B0002928B /* UIApplication.swift */,
				A89028C2283F6807009287DD /* Date.swift */,
				A893FC03283F7A7600C94A1A /* String.swift */,
			);
			path = Extensions;
			sourceTree = "<group>";
		};
		A8B9F1052832A0D600DED873 /* Core */ = {
			isa = PBXGroup;
			children = (
				A8B9F10B2832A2C700DED873 /* Components */,
				A8B9F1062832A10C00DED873 /* Home */,
				A867C20E283D078D00A94719 /* Detail */,
			);
			path = Core;
			sourceTree = "<group>";
		};
		A8B9F1062832A10C00DED873 /* Home */ = {
			isa = PBXGroup;
			children = (
				A8B9F1082832A12500DED873 /* ViewModels */,
				A8B9F1072832A11900DED873 /* Views */,
			);
			path = Home;
			sourceTree = "<group>";
		};
		A8B9F1072832A11900DED873 /* Views */ = {
			isa = PBXGroup;
			children = (
				A8B9F1092832A14300DED873 /* HomeView.swift */,
				A8099B48283786AF00763F31 /* HomeStatView.swift */,
				A8C86A7C2833C0D000724770 /* CoinRowView.swift */,
				A8B630462838D6A20083AD99 /* PortfolioView.swift */,
			);
			path = Views;
			sourceTree = "<group>";
		};
		A8B9F1082832A12500DED873 /* ViewModels */ = {
			isa = PBXGroup;
			children = (
				A88752A328350F4F00FC6DA1 /* HomeViewModel.swift */,
			);
			path = ViewModels;
			sourceTree = "<group>";
		};
		A8B9F10B2832A2C700DED873 /* Components */ = {
			isa = PBXGroup;
			children = (
				A8F43204283663CC00FAFF61 /* CoinImage */,
				A8B9F10C2832A2EB00DED873 /* CircleButton */,
				A8B6E2AC28375D210002928B /* SearchBarView.swift */,
				A8099B462837819F00763F31 /* MarketView.swift */,
				A8B6304C2838F1230083AD99 /* XmarkButton.swift */,
			);
			path = Components;
			sourceTree = "<group>";
		};
		A8B9F10C2832A2EB00DED873 /* CircleButton */ = {
			isa = PBXGroup;
			children = (
				A8B9F10D2832A30F00DED873 /* CircleButtonView.swift */,
				A8B9F10F2832A82900DED873 /* CircleButtonAnimationView.swift */,
			);
			path = CircleButton;
			sourceTree = "<group>";
		};
		A8C86A792833B4BD00724770 /* Models */ = {
			isa = PBXGroup;
			children = (
				A8C86A7A2833B4D500724770 /* CoinModel.swift */,
				A8988FA3283E22550015BCC3 /* CoinDetailModel.swift */,
				A8099B4428377FFC00763F31 /* StatisticModel.swift */,
				A8099B4A2837971700763F31 /* MarkerDataModel.swift */,
				A886783D283B724200525B5F /* PortfolioContainer.xcdatamodeld */,
			);
			path = Models;
			sourceTree = "<group>";
		};
		A8F431FE28364AA400FAFF61 /* Services */ = {
			isa = PBXGroup;
			children = (
				A8F431FF28364B0E00FAFF61 /* CoinDataService.swift */,
				A8988FA7283E27D70015BCC3 /* CoinDetailDataService.swift */,
				A8F432072836665F00FAFF61 /* CoinImageSevrice.swift */,
				A8099B4C2837A27300763F31 /* MarketDataService.swift */,
				A8867840283B730800525B5F /* PortfolioDataService.swift */,
			);
			path = Services;
			sourceTree = "<group>";
		};
		A8F4320128365AEB00FAFF61 /* Utilities */ = {
			isa = PBXGroup;
			children = (
				A8F4320228365B3000FAFF61 /* NetworkingManager.swift */,
				A8F4320B2836A65B00FAFF61 /* LocalFileManager.swift */,
				A867C20C283CF72F00A94719 /* HapticManager.swift */,
			);
			path = Utilities;
			sourceTree = "<group>";
		};
		A8F43204283663CC00FAFF61 /* CoinImage */ = {
			isa = PBXGroup;
			children = (
				A8F432052836643400FAFF61 /* CoinImageView.swift */,
				A8F43209283668AC00FAFF61 /* CoinImageViewModel.swift */,
				A8B6304A2838E1A00083AD99 /* CoinLogoView.swift */,
			);
			path = CoinImage;
			sourceTree = "<group>";
		};
/* End PBXGroup section */

/* Begin PBXNativeTarget section */
		A8B9F0EE28329A5E00DED873 /* Crypto */ = {
			isa = PBXNativeTarget;
			buildConfigurationList = A8B9F0FD28329A6200DED873 /* Build configuration list for PBXNativeTarget "Crypto" */;
			buildPhases = (
				A8B9F0EB28329A5E00DED873 /* Sources */,
				A8B9F0EC28329A5E00DED873 /* Frameworks */,
				A8B9F0ED28329A5E00DED873 /* Resources */,
			);
			buildRules = (
			);
			dependencies = (
			);
			name = Crypto;
			productName = Crypto;
			productReference = A8B9F0EF28329A5E00DED873 /* Crypto Tracker.app */;
			productType = "com.apple.product-type.application";
		};
/* End PBXNativeTarget section */

/* Begin PBXProject section */
		A8B9F0E728329A5E00DED873 /* Project object */ = {
			isa = PBXProject;
			attributes = {
				BuildIndependentTargetsInParallel = 1;
				LastSwiftUpdateCheck = 1310;
				LastUpgradeCheck = 1310;
				TargetAttributes = {
					A8B9F0EE28329A5E00DED873 = {
						CreatedOnToolsVersion = 13.1;
					};
				};
			};
			buildConfigurationList = A8B9F0EA28329A5E00DED873 /* Build configuration list for PBXProject "Crypto" */;
			compatibilityVersion = "Xcode 13.0";
			developmentRegion = en;
			hasScannedForEncodings = 0;
			knownRegions = (
				en,
				Base,
			);
			mainGroup = A8B9F0E628329A5E00DED873;
			productRefGroup = A8B9F0F028329A5E00DED873 /* Products */;
			projectDirPath = "";
			projectRoot = "";
			targets = (
				A8B9F0EE28329A5E00DED873 /* Crypto */,
			);
		};
/* End PBXProject section */

/* Begin PBXResourcesBuildPhase section */
		A8B9F0ED28329A5E00DED873 /* Resources */ = {
			isa = PBXResourcesBuildPhase;
			buildActionMask = 2147483647;
			files = (
				A8B9F0FA28329A6200DED873 /* Preview Assets.xcassets in Resources */,
				A8B9F10128329BA900DED873 /* Assets.xcassets in Resources */,
			);
			runOnlyForDeploymentPostprocessing = 0;
		};
/* End PBXResourcesBuildPhase section */

/* Begin PBXSourcesBuildPhase section */
		A8B9F0EB28329A5E00DED873 /* Sources */ = {
			isa = PBXSourcesBuildPhase;
			buildActionMask = 2147483647;
			files = (
				A886783F283B724200525B5F /* PortfolioContainer.xcdatamodeld in Sources */,
				A8F4320028364B0E00FAFF61 /* CoinDataService.swift in Sources */,
				A8C86A7D2833C0D000724770 /* CoinRowView.swift in Sources */,
				A88752A428350F4F00FC6DA1 /* HomeViewModel.swift in Sources */,
				A8F432082836665F00FAFF61 /* CoinImageSevrice.swift in Sources */,
				A8F4320C2836A65B00FAFF61 /* LocalFileManager.swift in Sources */,
				A8099B4528377FFC00763F31 /* StatisticModel.swift in Sources */,
				A89028C3283F6807009287DD /* Date.swift in Sources */,
				A8B9F0F528329A5E00DED873 /* ContentView.swift in Sources */,
				A8B9F10A2832A14300DED873 /* HomeView.swift in Sources */,
				A8B9F0F328329A5E00DED873 /* CryptoApp.swift in Sources */,
				A8B6E2AF2837636B0002928B /* UIApplication.swift in Sources */,
				A8B9F10E2832A30F00DED873 /* CircleButtonView.swift in Sources */,
				A8B9F10428329CD300DED873 /* Color.swift in Sources */,
				A8B6E2AD28375D210002928B /* SearchBarView.swift in Sources */,
				A8099B49283786AF00763F31 /* HomeStatView.swift in Sources */,
				A8F4320328365B3000FAFF61 /* NetworkingManager.swift in Sources */,
				A867C212283D086800A94719 /* DetailView.swift in Sources */,
				A867C20D283CF72F00A94719 /* HapticManager.swift in Sources */,
				A8B9F1102832A82900DED873 /* CircleButtonAnimationView.swift in Sources */,
				A8B6304B2838E1A00083AD99 /* CoinLogoView.swift in Sources */,
				A8F4320A283668AC00FAFF61 /* CoinImageViewModel.swift in Sources */,
				A8099B4D2837A27300763F31 /* MarketDataService.swift in Sources */,
				A8F432062836643400FAFF61 /* CoinImageView.swift in Sources */,
				A8C86A7F2833C14900724770 /* PreviewProvider.swift in Sources */,
				A8B6304D2838F1230083AD99 /* XmarkButton.swift in Sources */,
				A8099B4B2837971700763F31 /* MarkerDataModel.swift in Sources */,
				A893FC04283F7A7600C94A1A /* String.swift in Sources */,
				A8B630472838D6A20083AD99 /* PortfolioView.swift in Sources */,
				A8C86A812833C63700724770 /* Double.swift in Sources */,
				A8C86A7B2833B4D500724770 /* CoinModel.swift in Sources */,
				A8988FA4283E22550015BCC3 /* CoinDetailModel.swift in Sources */,
				A8099B472837819F00763F31 /* MarketView.swift in Sources */,
				A8988FA8283E27D70015BCC3 /* CoinDetailDataService.swift in Sources */,
				A89028C1283F5C4F009287DD /* ChartView.swift in Sources */,
				A8988FA6283E276C0015BCC3 /* DetailViewModel.swift in Sources */,
				A8867841283B730800525B5F /* PortfolioDataService.swift in Sources */,
			);
			runOnlyForDeploymentPostprocessing = 0;
		};
/* End PBXSourcesBuildPhase section */

/* Begin XCBuildConfiguration section */
		A8B9F0FB28329A6200DED873 /* Debug */ = {
			isa = XCBuildConfiguration;
			buildSettings = {
				ALWAYS_SEARCH_USER_PATHS = NO;
				CLANG_ANALYZER_NONNULL = YES;
				CLANG_ANALYZER_NUMBER_OBJECT_CONVERSION = YES_AGGRESSIVE;
				CLANG_CXX_LANGUAGE_STANDARD = "gnu++17";
				CLANG_CXX_LIBRARY = "libc++";
				CLANG_ENABLE_MODULES = YES;
				CLANG_ENABLE_OBJC_ARC = YES;
				CLANG_ENABLE_OBJC_WEAK = YES;
				CLANG_WARN_BLOCK_CAPTURE_AUTORELEASING = YES;
				CLANG_WARN_BOOL_CONVERSION = YES;
				CLANG_WARN_COMMA = YES;
				CLANG_WARN_CONSTANT_CONVERSION = YES;
				CLANG_WARN_DEPRECATED_OBJC_IMPLEMENTATIONS = YES;
				CLANG_WARN_DIRECT_OBJC_ISA_USAGE = YES_ERROR;
				CLANG_WARN_DOCUMENTATION_COMMENTS = YES;
				CLANG_WARN_EMPTY_BODY = YES;
				CLANG_WARN_ENUM_CONVERSION = YES;
				CLANG_WARN_INFINITE_RECURSION = YES;
				CLANG_WARN_INT_CONVERSION = YES;
				CLANG_WARN_NON_LITERAL_NULL_CONVERSION = YES;
				CLANG_WARN_OBJC_IMPLICIT_RETAIN_SELF = YES;
				CLANG_WARN_OBJC_LITERAL_CONVERSION = YES;
				CLANG_WARN_OBJC_ROOT_CLASS = YES_ERROR;
				CLANG_WARN_QUOTED_INCLUDE_IN_FRAMEWORK_HEADER = YES;
				CLANG_WARN_RANGE_LOOP_ANALYSIS = YES;
				CLANG_WARN_STRICT_PROTOTYPES = YES;
				CLANG_WARN_SUSPICIOUS_MOVE = YES;
				CLANG_WARN_UNGUARDED_AVAILABILITY = YES_AGGRESSIVE;
				CLANG_WARN_UNREACHABLE_CODE = YES;
				CLANG_WARN__DUPLICATE_METHOD_MATCH = YES;
				COPY_PHASE_STRIP = NO;
				DEBUG_INFORMATION_FORMAT = dwarf;
				ENABLE_STRICT_OBJC_MSGSEND = YES;
				ENABLE_TESTABILITY = YES;
				GCC_C_LANGUAGE_STANDARD = gnu11;
				GCC_DYNAMIC_NO_PIC = NO;
				GCC_NO_COMMON_BLOCKS = YES;
				GCC_OPTIMIZATION_LEVEL = 0;
				GCC_PREPROCESSOR_DEFINITIONS = (
					"DEBUG=1",
					"$(inherited)",
				);
				GCC_WARN_64_TO_32_BIT_CONVERSION = YES;
				GCC_WARN_ABOUT_RETURN_TYPE = YES_ERROR;
				GCC_WARN_UNDECLARED_SELECTOR = YES;
				GCC_WARN_UNINITIALIZED_AUTOS = YES_AGGRESSIVE;
				GCC_WARN_UNUSED_FUNCTION = YES;
				GCC_WARN_UNUSED_VARIABLE = YES;
				IPHONEOS_DEPLOYMENT_TARGET = 15.0;
				MTL_ENABLE_DEBUG_INFO = INCLUDE_SOURCE;
				MTL_FAST_MATH = YES;
				ONLY_ACTIVE_ARCH = YES;
				SDKROOT = iphoneos;
				SWIFT_ACTIVE_COMPILATION_CONDITIONS = DEBUG;
				SWIFT_OPTIMIZATION_LEVEL = "-Onone";
			};
			name = Debug;
		};
		A8B9F0FC28329A6200DED873 /* Release */ = {
			isa = XCBuildConfiguration;
			buildSettings = {
				ALWAYS_SEARCH_USER_PATHS = NO;
				CLANG_ANALYZER_NONNULL = YES;
				CLANG_ANALYZER_NUMBER_OBJECT_CONVERSION = YES_AGGRESSIVE;
				CLANG_CXX_LANGUAGE_STANDARD = "gnu++17";
				CLANG_CXX_LIBRARY = "libc++";
				CLANG_ENABLE_MODULES = YES;
				CLANG_ENABLE_OBJC_ARC = YES;
				CLANG_ENABLE_OBJC_WEAK = YES;
				CLANG_WARN_BLOCK_CAPTURE_AUTORELEASING = YES;
				CLANG_WARN_BOOL_CONVERSION = YES;
				CLANG_WARN_COMMA = YES;
				CLANG_WARN_CONSTANT_CONVERSION = YES;
				CLANG_WARN_DEPRECATED_OBJC_IMPLEMENTATIONS = YES;
				CLANG_WARN_DIRECT_OBJC_ISA_USAGE = YES_ERROR;
				CLANG_WARN_DOCUMENTATION_COMMENTS = YES;
				CLANG_WARN_EMPTY_BODY = YES;
				CLANG_WARN_ENUM_CONVERSION = YES;
				CLANG_WARN_INFINITE_RECURSION = YES;
				CLANG_WARN_INT_CONVERSION = YES;
				CLANG_WARN_NON_LITERAL_NULL_CONVERSION = YES;
				CLANG_WARN_OBJC_IMPLICIT_RETAIN_SELF = YES;
				CLANG_WARN_OBJC_LITERAL_CONVERSION = YES;
				CLANG_WARN_OBJC_ROOT_CLASS = YES_ERROR;
				CLANG_WARN_QUOTED_INCLUDE_IN_FRAMEWORK_HEADER = YES;
				CLANG_WARN_RANGE_LOOP_ANALYSIS = YES;
				CLANG_WARN_STRICT_PROTOTYPES = YES;
				CLANG_WARN_SUSPICIOUS_MOVE = YES;
				CLANG_WARN_UNGUARDED_AVAILABILITY = YES_AGGRESSIVE;
				CLANG_WARN_UNREACHABLE_CODE = YES;
				CLANG_WARN__DUPLICATE_METHOD_MATCH = YES;
				COPY_PHASE_STRIP = NO;
				DEBUG_INFORMATION_FORMAT = "dwarf-with-dsym";
				ENABLE_NS_ASSERTIONS = NO;
				ENABLE_STRICT_OBJC_MSGSEND = YES;
				GCC_C_LANGUAGE_STANDARD = gnu11;
				GCC_NO_COMMON_BLOCKS = YES;
				GCC_WARN_64_TO_32_BIT_CONVERSION = YES;
				GCC_WARN_ABOUT_RETURN_TYPE = YES_ERROR;
				GCC_WARN_UNDECLARED_SELECTOR = YES;
				GCC_WARN_UNINITIALIZED_AUTOS = YES_AGGRESSIVE;
				GCC_WARN_UNUSED_FUNCTION = YES;
				GCC_WARN_UNUSED_VARIABLE = YES;
				IPHONEOS_DEPLOYMENT_TARGET = 15.0;
				MTL_ENABLE_DEBUG_INFO = NO;
				MTL_FAST_MATH = YES;
				SDKROOT = iphoneos;
				SWIFT_COMPILATION_MODE = wholemodule;
				SWIFT_OPTIMIZATION_LEVEL = "-O";
				VALIDATE_PRODUCT = YES;
			};
			name = Release;
		};
		A8B9F0FE28329A6200DED873 /* Debug */ = {
			isa = XCBuildConfiguration;
			buildSettings = {
				ASSETCATALOG_COMPILER_APPICON_NAME = AppIcon;
				ASSETCATALOG_COMPILER_GLOBAL_ACCENT_COLOR_NAME = AccentColor;
				CODE_SIGN_STYLE = Automatic;
				CURRENT_PROJECT_VERSION = 1;
				DEVELOPMENT_ASSET_PATHS = "\"Crypto/Preview Content\"";
				DEVELOPMENT_TEAM = WV8G99LA38;
				ENABLE_PREVIEWS = YES;
				GENERATE_INFOPLIST_FILE = YES;
				INFOPLIST_KEY_UIApplicationSceneManifest_Generation = YES;
				INFOPLIST_KEY_UIApplicationSupportsIndirectInputEvents = YES;
				INFOPLIST_KEY_UILaunchScreen_Generation = YES;
				INFOPLIST_KEY_UISupportedInterfaceOrientations = UIInterfaceOrientationPortrait;
				INFOPLIST_KEY_UISupportedInterfaceOrientations_iPad = "UIInterfaceOrientationPortrait UIInterfaceOrientationPortraitUpsideDown UIInterfaceOrientationLandscapeLeft UIInterfaceOrientationLandscapeRight";
				INFOPLIST_KEY_UISupportedInterfaceOrientations_iPhone = "UIInterfaceOrientationPortrait UIInterfaceOrientationLandscapeLeft UIInterfaceOrientationLandscapeRight";
				IPHONEOS_DEPLOYMENT_TARGET = 14.0;
				LD_RUNPATH_SEARCH_PATHS = (
					"$(inherited)",
					"@executable_path/Frameworks",
				);
				MARKETING_VERSION = 1.0;
				PRODUCT_BUNDLE_IDENTIFIER = NizamiDev.Crypto;
				PRODUCT_NAME = "Crypto Tracker";
				SWIFT_EMIT_LOC_STRINGS = YES;
				SWIFT_VERSION = 5.0;
				TARGETED_DEVICE_FAMILY = "1,2";
			};
			name = Debug;
		};
		A8B9F0FF28329A6200DED873 /* Release */ = {
			isa = XCBuildConfiguration;
			buildSettings = {
				ASSETCATALOG_COMPILER_APPICON_NAME = AppIcon;
				ASSETCATALOG_COMPILER_GLOBAL_ACCENT_COLOR_NAME = AccentColor;
				CODE_SIGN_STYLE = Automatic;
				CURRENT_PROJECT_VERSION = 1;
				DEVELOPMENT_ASSET_PATHS = "\"Crypto/Preview Content\"";
				DEVELOPMENT_TEAM = WV8G99LA38;
				ENABLE_PREVIEWS = YES;
				GENERATE_INFOPLIST_FILE = YES;
				INFOPLIST_KEY_UIApplicationSceneManifest_Generation = YES;
				INFOPLIST_KEY_UIApplicationSupportsIndirectInputEvents = YES;
				INFOPLIST_KEY_UILaunchScreen_Generation = YES;
				INFOPLIST_KEY_UISupportedInterfaceOrientations = UIInterfaceOrientationPortrait;
				INFOPLIST_KEY_UISupportedInterfaceOrientations_iPad = "UIInterfaceOrientationPortrait UIInterfaceOrientationPortraitUpsideDown UIInterfaceOrientationLandscapeLeft UIInterfaceOrientationLandscapeRight";
				INFOPLIST_KEY_UISupportedInterfaceOrientations_iPhone = "UIInterfaceOrientationPortrait UIInterfaceOrientationLandscapeLeft UIInterfaceOrientationLandscapeRight";
				IPHONEOS_DEPLOYMENT_TARGET = 14.0;
				LD_RUNPATH_SEARCH_PATHS = (
					"$(inherited)",
					"@executable_path/Frameworks",
				);
				MARKETING_VERSION = 1.0;
				PRODUCT_BUNDLE_IDENTIFIER = NizamiDev.Crypto;
				PRODUCT_NAME = "Crypto Tracker";
				SWIFT_EMIT_LOC_STRINGS = YES;
				SWIFT_VERSION = 5.0;
				TARGETED_DEVICE_FAMILY = "1,2";
			};
			name = Release;
		};
/* End XCBuildConfiguration section */

/* Begin XCConfigurationList section */
		A8B9F0EA28329A5E00DED873 /* Build configuration list for PBXProject "Crypto" */ = {
			isa = XCConfigurationList;
			buildConfigurations = (
				A8B9F0FB28329A6200DED873 /* Debug */,
				A8B9F0FC28329A6200DED873 /* Release */,
			);
			defaultConfigurationIsVisible = 0;
			defaultConfigurationName = Release;
		};
		A8B9F0FD28329A6200DED873 /* Build configuration list for PBXNativeTarget "Crypto" */ = {
			isa = XCConfigurationList;
			buildConfigurations = (
				A8B9F0FE28329A6200DED873 /* Debug */,
				A8B9F0FF28329A6200DED873 /* Release */,
			);
			defaultConfigurationIsVisible = 0;
			defaultConfigurationName = Release;
		};
/* End XCConfigurationList section */

/* Begin XCVersionGroup section */
		A886783D283B724200525B5F /* PortfolioContainer.xcdatamodeld */ = {
			isa = XCVersionGroup;
			children = (
				A886783E283B724200525B5F /* PortfolioContainer.xcdatamodel */,
			);
			currentVersion = A886783E283B724200525B5F /* PortfolioContainer.xcdatamodel */;
			path = PortfolioContainer.xcdatamodeld;
			sourceTree = "<group>";
			versionGroupType = wrapper.xcdatamodel;
		};
/* End XCVersionGroup section */
	};
	rootObject = A8B9F0E728329A5E00DED873 /* Project object */;
}
